{
  "name": "ofii",
  "version": "1.0.0",
  "lockfileVersion": 1,
  "requires": true,
  "dependencies": {
    "@edgeros/jsre-types": {
      "version": "1.7.11",
      "resolved": "http://registry.epm.edgeros.com/@edgeros/jsre-types/download/@edgeros/jsre-types-1.7.11.tgz",
      "integrity": "sha512-1hK3W1QikZGpGU/Y8WFWfiRJZzagtmilMSG7ipzpH5jMNKEAiiHxHGyH9vSYoHCL+/9FBr7YxfFBksFzlZ7wgw=="
    },
    "typescript": {
      "version": "4.7.2",
      "resolved": "https://registry.npmjs.org/typescript/-/typescript-4.7.2.tgz",
      "integrity": "sha512-Mamb1iX2FDUpcTRzltPxgWMKy3fhg0TN378ylbktPGPK/99KbDtMQ4W1hwgsbPAsG3a0xKa1vmw4VKZQbkvz5A=="
    }
  }
}
